
Microsoft Visual Studio Solution File, Format Version 12.00
# Visual Studio Version 17
VisualStudioVersion = 17.0.32014.148
MinimumVisualStudioVersion = 10.0.40219.1
Project("{9A19103F-16F7-4668-BE54-9A1E7A4F7556}") = "dotnet_core_mvc", "dotnet_core_mvc.csproj", "{40ECE898-12CE-48C9-A609-C5DBEA6D2A1A}"
EndProject
Global
	GlobalSection(SolutionConfigurationPlatforms) = preSolution
		Debug|Any CPU = Debug|Any CPU
		Release|Any CPU = Release|Any CPU
	EndGlobalSection
	GlobalSection(ProjectConfigurationPlatforms) = postSolution
		{40ECE898-12CE-48C9-A609-C5DBEA6D2A1A}.Debug|Any CPU.ActiveCfg = Debug|Any CPU
		{40ECE898-12CE-48C9-A609-C5DBEA6D2A1A}.Debug|Any CPU.Build.0 = Debug|Any CPU
		{40ECE898-12CE-48C9-A609-C5DBEA6D2A1A}.Release|Any CPU.ActiveCfg = Release|Any CPU
		{40ECE898-12CE-48C9-A609-C5DBEA6D2A1A}.Release|Any CPU.Build.0 = Release|Any CPU
	EndGlobalSection
	GlobalSection(SolutionProperties) = preSolution
		HideSolutionNode = FALSE
	EndGlobalSection
	GlobalSection(ExtensibilityGlobals) = postSolution
		SolutionGuid = {F7A0FCA1-16ED-4663-9016-50DE5F00505A}
	EndGlobalSection
EndGlobal
